
Microsoft Visual Studio Solution File, Format Version 12.00
# Visual Studio Version 17
VisualStudioVersion = 17.13.35806.99 d17.13
MinimumVisualStudioVersion = 10.0.40219.1
Project("{FAE04EC0-301F-11D3-BF4B-00C04F79EFBC}") = "ISTNM2", "ISTNM2.csproj", "{1E4358AC-465D-4589-94B8-E8F1D14E0062}"
EndProject
Global
	GlobalSection(SolutionConfigurationPlatforms) = preSolution
		Debug|Any CPU = Debug|Any CPU
		Release|Any CPU = Release|Any CPU
	EndGlobalSection
	GlobalSection(ProjectConfigurationPlatforms) = postSolution
		{1E4358AC-465D-4589-94B8-E8F1D14E0062}.Debug|Any CPU.ActiveCfg = Debug|Any CPU
		{1E4358AC-465D-4589-94B8-E8F1D14E0062}.Debug|Any CPU.Build.0 = Debug|Any CPU
		{1E4358AC-465D-4589-94B8-E8F1D14E0062}.Release|Any CPU.ActiveCfg = Release|Any CPU
		{1E4358AC-465D-4589-94B8-E8F1D14E0062}.Release|Any CPU.Build.0 = Release|Any CPU
	EndGlobalSection
	GlobalSection(SolutionProperties) = preSolution
		HideSolutionNode = FALSE
	EndGlobalSection
	GlobalSection(ExtensibilityGlobals) = postSolution
		SolutionGuid = {80A7F883-F171-4719-87AA-3E59F0F63BAA}
	EndGlobalSection
EndGlobal
